
Microsoft Visual Studio Solution File, Format Version 12.00
# Visual Studio 15
VisualStudioVersion = 15.0.28307.102
MinimumVisualStudioVersion = 10.0.40219.1
Project("{FAE04EC0-301F-11D3-BF4B-00C04F79EFBC}") = "DynamicDb", "DynamicDb\DynamicDb.csproj", "{5B34E3A2-F34E-4512-8738-B52101BD1D1D}"
EndProject
Project("{FAE04EC0-301F-11D3-BF4B-00C04F79EFBC}") = "DynamicDb.Tests", "DynamicDb.Tests\DynamicDb.Tests.csproj", "{1BBB51B9-CD88-48DF-BE6B-323B42E023F8}"
EndProject
Project("{00D1A9C2-B5F0-4AF3-8072-F6C62B433612}") = "DynamicDb.Tests.Database", "DynamicDb.Tests.Database\DynamicDb.Tests.Database.sqlproj", "{7E585EDD-851E-4ABF-BBA5-68A42A1BE7D8}"
EndProject
Global
	GlobalSection(SolutionConfigurationPlatforms) = preSolution
		Debug|Any CPU = Debug|Any CPU
		Release|Any CPU = Release|Any CPU
	EndGlobalSection
	GlobalSection(ProjectConfigurationPlatforms) = postSolution
		{5B34E3A2-F34E-4512-8738-B52101BD1D1D}.Debug|Any CPU.ActiveCfg = Debug|Any CPU
		{5B34E3A2-F34E-4512-8738-B52101BD1D1D}.Debug|Any CPU.Build.0 = Debug|Any CPU
		{5B34E3A2-F34E-4512-8738-B52101BD1D1D}.Release|Any CPU.ActiveCfg = Release|Any CPU
		{5B34E3A2-F34E-4512-8738-B52101BD1D1D}.Release|Any CPU.Build.0 = Release|Any CPU
		{1BBB51B9-CD88-48DF-BE6B-323B42E023F8}.Debug|Any CPU.ActiveCfg = Debug|Any CPU
		{1BBB51B9-CD88-48DF-BE6B-323B42E023F8}.Debug|Any CPU.Build.0 = Debug|Any CPU
		{1BBB51B9-CD88-48DF-BE6B-323B42E023F8}.Release|Any CPU.ActiveCfg = Release|Any CPU
		{1BBB51B9-CD88-48DF-BE6B-323B42E023F8}.Release|Any CPU.Build.0 = Release|Any CPU
		{7E585EDD-851E-4ABF-BBA5-68A42A1BE7D8}.Debug|Any CPU.ActiveCfg = Debug|Any CPU
		{7E585EDD-851E-4ABF-BBA5-68A42A1BE7D8}.Debug|Any CPU.Build.0 = Debug|Any CPU
		{7E585EDD-851E-4ABF-BBA5-68A42A1BE7D8}.Debug|Any CPU.Deploy.0 = Debug|Any CPU
		{7E585EDD-851E-4ABF-BBA5-68A42A1BE7D8}.Release|Any CPU.ActiveCfg = Release|Any CPU
		{7E585EDD-851E-4ABF-BBA5-68A42A1BE7D8}.Release|Any CPU.Build.0 = Release|Any CPU
		{7E585EDD-851E-4ABF-BBA5-68A42A1BE7D8}.Release|Any CPU.Deploy.0 = Release|Any CPU
	EndGlobalSection
	GlobalSection(SolutionProperties) = preSolution
		HideSolutionNode = FALSE
	EndGlobalSection
	GlobalSection(ExtensibilityGlobals) = postSolution
		SolutionGuid = {8556996E-4863-41F3-8101-27F3DA166A31}
	EndGlobalSection
EndGlobal
